NeoBundleLock SingleCompile 4004d12f0cdafbc3299c0991e59cf26b1e6c4630
NeoBundleLock mru e4feecb835892f46b9b94e1ceead855c843c9e3a
NeoBundleLock neobundle.vim c6fa48cd665071b7a4dbf5ab53f48cd5884716ee
NeoBundleLock nerdcommenter 285902752f7ab2052ac700a6d29b263dd5788afb
NeoBundleLock ros.vim 6ac46d45408e721b2023a38cb43d4fb364a999e4
NeoBundleLock vim-autoclose a9a3b7384657bc1f60a963fd6c08c63fc48d61c3
NeoBundleLock vim-easy-align 1cd724dc239c3a0f7a12e0fac85945cc3dbe07b0
